// !$*UTF8*$!
{
	archiveVersion = 1;
	classes = {
	};
	objectVersion = 46;
	objects = {

/* Begin PBXBuildFile section */
		155062DD1C78D07300259700 /* AppDelegate.swift in Sources */ = {isa = PBXBuildFile; fileRef = 155062DC1C78D07300259700 /* AppDelegate.swift */; };
		155062DF1C78D07300259700 /* ViewController.swift in Sources */ = {isa = PBXBuildFile; fileRef = 155062DE1C78D07300259700 /* ViewController.swift */; };
		155062E21C78D07400259700 /* Main.storyboard in Resources */ = {isa = PBXBuildFile; fileRef = 155062E01C78D07400259700 /* Main.storyboard */; };
		155062E41C78D07400259700 /* Assets.xcassets in Resources */ = {isa = PBXBuildFile; fileRef = 155062E31C78D07400259700 /* Assets.xcassets */; };
		155062E71C78D07400259700 /* LaunchScreen.storyboard in Resources */ = {isa = PBXBuildFile; fileRef = 155062E51C78D07400259700 /* LaunchScreen.storyboard */; };
/* End PBXBuildFile section */

/* Begin PBXFileReference section */
		155062D91C78D07300259700 /* Auto Layout Project.app */ = {isa = PBXFileReference; explicitFileType = wrapper.application; includeInIndex = 0; path = "Auto Layout Project.app"; sourceTree = BUILT_PRODUCTS_DIR; };
		155062DC1C78D07300259700 /* AppDelegate.swift */ = {isa = PBXFileReference; lastKnownFileType = sourcecode.swift; path = AppDelegate.swift; sourceTree = "<group>"; };
		155062DE1C78D07300259700 /* ViewController.swift */ = {isa = PBXFileReference; lastKnownFileType = sourcecode.swift; path = ViewController.swift; sourceTree = "<group>"; };
		155062E11C78D07400259700 /* Base */ = {isa = PBXFileReference; lastKnownFileType = file.storyboard; name = Base; path = Base.lproj/Main.storyboard; sourceTree = "<group>"; };
		155062E31C78D07400259700 /* Assets.xcassets */ = {isa = PBXFileReference; lastKnownFileType = folder.assetcatalog; path = Assets.xcassets; sourceTree = "<group>"; };
		155062E61C78D07400259700 /* Base */ = {isa = PBXFileReference; lastKnownFileType = file.storyboard; name = Base; path = Base.lproj/LaunchScreen.storyboard; sourceTree = "<group>"; };
		155062E81C78D07400259700 /* Info.plist */ = {isa = PBXFileReference; lastKnownFileType = text.plist.xml; path = Info.plist; sourceTree = "<group>"; };
/* End PBXFileReference section */

/* Begin PBXFrameworksBuildPhase section */
		155062D61C78D07300259700 /* Frameworks */ = {
			isa = PBXFrameworksBuildPhase;
			buildActionMask = 2147483647;
			files = (
			);
			runOnlyForDeploymentPostprocessing = 0;
		};
/* End PBXFrameworksBuildPhase section */

/* Begin PBXGroup section */
		155062D01C78D07300259700 = {
			isa = PBXGroup;
			children = (
				155062DB1C78D07300259700 /* Auto Layout Project */,
				155062DA1C78D07300259700 /* Products */,
			);
			sourceTree = "<group>";
		};
		155062DA1C78D07300259700 /* Products */ = {
			isa = PBXGroup;
			children = (
				155062D91C78D07300259700 /* Auto Layout Project.app */,
			);
			name = Products;
			sourceTree = "<group>";
		};
		155062DB1C78D07300259700 /* Auto Layout Project */ = {
			isa = PBXGroup;
			children = (
				155062DC1C78D07300259700 /* AppDelegate.swift */,
				155062DE1C78D07300259700 /* ViewController.swift */,
				155062E01C78D07400259700 /* Main.storyboard */,
				155062E31C78D07400259700 /* Assets.xcassets */,
				155062E51C78D07400259700 /* LaunchScreen.storyboard */,
				155062E81C78D07400259700 /* Info.plist */,
			);
			path = "Auto Layout Project";
			sourceTree = "<group>";
		};
/* End PBXGroup section */

/* Begin PBXNativeTarget section */
		155062D81C78D07300259700 /* Auto Layout Project */ = {
			isa = PBXNativeTarget;
			buildConfigurationList = 155062EB1C78D07400259700 /* Build configuration list for PBXNativeTarget "Auto Layout Project" */;
			buildPhases = (
				155062D51C78D07300259700 /* Sources */,
				155062D61C78D07300259700 /* Frameworks */,
				155062D71C78D07300259700 /* Resources */,
			);
			buildRules = (
			);
			dependencies = (
			);
			name = "Auto Layout Project";
			productName = "Auto Layout Project";
			productReference = 155062D91C78D07300259700 /* Auto Layout Project.app */;
			productType = "com.apple.product-type.application";
		};
/* End PBXNativeTarget section */

/* Begin PBXProject section */
		155062D11C78D07300259700 /* Project object */ = {
			isa = PBXProject;
			attributes = {
				LastSwiftUpdateCheck = 0720;
				LastUpgradeCheck = 0720;
				ORGANIZATIONNAME = "Randall Mardus";
				TargetAttributes = {
					155062D81C78D07300259700 = {
						CreatedOnToolsVersion = 7.2.1;
					};
				};
			};
			buildConfigurationList = 155062D41C78D07300259700 /* Build configuration list for PBXProject "Auto Layout Project" */;
			compatibilityVersion = "Xcode 3.2";
			developmentRegion = English;
			hasScannedForEncodings = 0;
			knownRegions = (
				en,
				Base,
			);
			mainGroup = 155062D01C78D07300259700;
			productRefGroup = 155062DA1C78D07300259700 /* Products */;
			projectDirPath = "";
			projectRoot = "";
			targets = (
				155062D81C78D07300259700 /* Auto Layout Project */,
			);
		};
/* End PBXProject section */

/* Begin PBXResourcesBuildPhase section */
		155062D71C78D07300259700 /* Resources */ = {
			isa = PBXResourcesBuildPhase;
			buildActionMask = 2147483647;
			files = (
				155062E71C78D07400259700 /* LaunchScreen.storyboard in Resources */,
				155062E41C78D07400259700 /* Assets.xcassets in Resources */,
				155062E21C78D07400259700 /* Main.storyboard in Resources */,
			);
			runOnlyForDeploymentPostprocessing = 0;
		};
/* End PBXResourcesBuildPhase section */

/* Begin PBXSourcesBuildPhase section */
		155062D51C78D07300259700 /* Sources */ = {
			isa = PBXSourcesBuildPhase;
			buildActionMask = 2147483647;
			files = (
				155062DF1C78D07300259700 /* ViewController.swift in Sources */,
				155062DD1C78D07300259700 /* AppDelegate.swift in Sources */,
			);
			runOnlyForDeploymentPostprocessing = 0;
		};
/* End PBXSourcesBuildPhase section */

/* Begin PBXVariantGroup section */
		155062E01C78D07400259700 /* Main.storyboard */ = {
			isa = PBXVariantGroup;
			children = (
				155062E11C78D07400259700 /* Base */,
			);
			name = Main.storyboard;
			sourceTree = "<group>";
		};
		155062E51C78D07400259700 /* LaunchScreen.storyboard */ = {
			isa = PBXVariantGroup;
			children = (
				155062E61C78D07400259700 /* Base */,
			);
			name = LaunchScreen.storyboard;
			sourceTree = "<group>";
		};
/* End PBXVariantGroup section */

/* Begin XCBuildConfiguration section */
		155062E91C78D07400259700 /* Debug */ = {
			isa = XCBuildConfiguration;
			buildSettings = {
				ALWAYS_SEARCH_USER_PATHS = NO;
				CLANG_CXX_LANGUAGE_STANDARD = "gnu++0x";
				CLANG_CXX_LIBRARY = "libc++";
				CLANG_ENABLE_MODULES = YES;
				CLANG_ENABLE_OBJC_ARC = YES;
				CLANG_WARN_BOOL_CONVERSION = YES;
				CLANG_WARN_CONSTANT_CONVERSION = YES;
				CLANG_WARN_DIRECT_OBJC_ISA_USAGE = YES_ERROR;
				CLANG_WARN_EMPTY_BODY = YES;
				CLANG_WARN_ENUM_CONVERSION = YES;
				CLANG_WARN_INT_CONVERSION = YES;
				CLANG_WARN_OBJC_ROOT_CLASS = YES_ERROR;
				CLANG_WARN_UNREACHABLE_CODE = YES;
				CLANG_WARN__DUPLICATE_METHOD_MATCH = YES;
				"CODE_SIGN_IDENTITY[sdk=iphoneos*]" = "iPhone Developer";
				COPY_PHASE_STRIP = NO;
				DEBUG_INFORMATION_FORMAT = dwarf;
				ENABLE_STRICT_OBJC_MSGSEND = YES;
				ENABLE_TESTABILITY = YES;
				GCC_C_LANGUAGE_STANDARD = gnu99;
				GCC_DYNAMIC_NO_PIC = NO;
				GCC_NO_COMMON_BLOCKS = YES;
				GCC_OPTIMIZATION_LEVEL = 0;
				GCC_PREPROCESSOR_DEFINITIONS = (
					"DEBUG=1",
					"$(inherited)",
				);
				GCC_WARN_64_TO_32_BIT_CONVERSION = YES;
				GCC_WARN_ABOUT_RETURN_TYPE = YES_ERROR;
				GCC_WARN_UNDECLARED_SELECTOR = YES;
				GCC_WARN_UNINITIALIZED_AUTOS = YES_AGGRESSIVE;
				GCC_WARN_UNUSED_FUNCTION = YES;
				GCC_WARN_UNUSED_VARIABLE = YES;
				IPHONEOS_DEPLOYMENT_TARGET = 9.2;
				MTL_ENABLE_DEBUG_INFO = YES;
				ONLY_ACTIVE_ARCH = YES;
				SDKROOT = iphoneos;
				SWIFT_OPTIMIZATION_LEVEL = "-Onone";
				TARGETED_DEVICE_FAMILY = "1,2";
			};
			name = Debug;
		};
		155062EA1C78D07400259700 /* Release */ = {
			isa = XCBuildConfiguration;
			buildSettings = {
				ALWAYS_SEARCH_USER_PATHS = NO;
				CLANG_CXX_LANGUAGE_STANDARD = "gnu++0x";
				CLANG_CXX_LIBRARY = "libc++";
				CLANG_ENABLE_MODULES = YES;
				CLANG_ENABLE_OBJC_ARC = YES;
				CLANG_WARN_BOOL_CONVERSION = YES;
				CLANG_WARN_CONSTANT_CONVERSION = YES;
				CLANG_WARN_DIRECT_OBJC_ISA_USAGE = YES_ERROR;
				CLANG_WARN_EMPTY_BODY = YES;
				CLANG_WARN_ENUM_CONVERSION = YES;
				CLANG_WARN_INT_CONVERSION = YES;
				CLANG_WARN_OBJC_ROOT_CLASS = YES_ERROR;
				CLANG_WARN_UNREACHABLE_CODE = YES;
				CLANG_WARN__DUPLICATE_METHOD_MATCH = YES;
				"CODE_SIGN_IDENTITY[sdk=iphoneos*]" = "iPhone Developer";
				COPY_PHASE_STRIP = NO;
				DEBUG_INFORMATION_FORMAT = "dwarf-with-dsym";
				ENABLE_NS_ASSERTIONS = NO;
				ENABLE_STRICT_OBJC_MSGSEND = YES;
				GCC_C_LANGUAGE_STANDARD = gnu99;
				GCC_NO_COMMON_BLOCKS = YES;
				GCC_WARN_64_TO_32_BIT_CONVERSION = YES;
				GCC_WARN_ABOUT_RETURN_TYPE = YES_ERROR;
				GCC_WARN_UNDECLARED_SELECTOR = YES;
				GCC_WARN_UNINITIALIZED_AUTOS = YES_AGGRESSIVE;
				GCC_WARN_UNUSED_FUNCTION = YES;
				GCC_WARN_UNUSED_VARIABLE = YES;
				IPHONEOS_DEPLOYMENT_TARGET = 9.2;
				MTL_ENABLE_DEBUG_INFO = NO;
				SDKROOT = iphoneos;
				TARGETED_DEVICE_FAMILY = "1,2";
				VALIDATE_PRODUCT = YES;
			};
			name = Release;
		};
		155062EC1C78D07400259700 /* Debug */ = {
			isa = XCBuildConfiguration;
			buildSettings = {
				ASSETCATALOG_COMPILER_APPICON_NAME = AppIcon;
				INFOPLIST_FILE = "Auto Layout Project/Info.plist";
				LD_RUNPATH_SEARCH_PATHS = "$(inherited) @executable_path/Frameworks";
				PRODUCT_BUNDLE_IDENTIFIER = "self.edu.Auto-Layout-Project";
				PRODUCT_NAME = "$(TARGET_NAME)";
			};
			name = Debug;
		};
		155062ED1C78D07400259700 /* Release */ = {
			isa = XCBuildConfiguration;
			buildSettings = {
				ASSETCATALOG_COMPILER_APPICON_NAME = AppIcon;
				INFOPLIST_FILE = "Auto Layout Project/Info.plist";
				LD_RUNPATH_SEARCH_PATHS = "$(inherited) @executable_path/Frameworks";
				PRODUCT_BUNDLE_IDENTIFIER = "self.edu.Auto-Layout-Project";
				PRODUCT_NAME = "$(TARGET_NAME)";
			};
			name = Release;
		};
/* End XCBuildConfiguration section */

/* Begin XCConfigurationList section */
		155062D41C78D07300259700 /* Build configuration list for PBXProject "Auto Layout Project" */ = {
			isa = XCConfigurationList;
			buildConfigurations = (
				155062E91C78D07400259700 /* Debug */,
				155062EA1C78D07400259700 /* Release */,
			);
			defaultConfigurationIsVisible = 0;
			defaultConfigurationName = Release;
		};
		155062EB1C78D07400259700 /* Build configuration list for PBXNativeTarget "Auto Layout Project" */ = {
			isa = XCConfigurationList;
			buildConfigurations = (
				155062EC1C78D07400259700 /* Debug */,
				155062ED1C78D07400259700 /* Release */,
			);
			defaultConfigurationIsVisible = 0;
		};
/* End XCConfigurationList section */
	};
	rootObject = 155062D11C78D07300259700 /* Project object */;
}
